<?xml version="1.0" encoding="UTF-8"?>
<CONFIG>
  <ProjectOptions>
    <Version Value="11"/>
    <General>
      <Flags>
        <MainUnitHasUsesSectionForAllUnits Value="False"/>
        <MainUnitHasCreateFormStatements Value="False"/>
        <MainUnitHasTitleStatement Value="False"/>
      </Flags>
      <SessionStorage Value="InProjectDir"/>
      <MainUnit Value="0"/>
      <Title Value="TRSim"/>
      <UseAppBundle Value="False"/>
      <ResourceType Value="res"/>
    </General>
    <i18n>
      <EnableI18N LFM="False"/>
    </i18n>
    <BuildModes Count="2">
      <Item1 Name="Default" Default="True"/>
      <Item2 Name="win32">
        <CompilerOptions>
          <Version Value="11"/>
          <SearchPaths>
            <IncludeFiles Value="$(ProjOutDir)"/>
            <OtherUnitFiles Value="PascalScript/Source"/>
          </SearchPaths>
          <Parsing>
            <SyntaxOptions>
              <SyntaxMode Value="Delphi"/>
            </SyntaxOptions>
          </Parsing>
          <CodeGeneration>
            <TargetCPU Value="i386"/>
            <TargetOS Value="win32"/>
          </CodeGeneration>
          <Linking>
            <Options>
              <Win32>
                <GraphicApplication Value="True"/>
              </Win32>
            </Options>
          </Linking>
          <Other>
            <CustomOptions Value="-dBorland -dVer150 -dDelphi7 -dCompiler6_Up -dPUREPASCAL"/>
          </Other>
        </CompilerOptions>
      </Item2>
    </BuildModes>
    <PublishOptions>
      <Version Value="2"/>
    </PublishOptions>
    <RunParams>
      <FormatVersion Value="2"/>
      <Modes Count="1">
        <Mode0 Name="default"/>
      </Modes>
    </RunParams>
    <RequiredPackages Count="2">
      <Item1>
        <PackageName Value="lhelpcontrolpkg"/>
      </Item1>
      <Item2>
        <PackageName Value="LCL"/>
      </Item2>
    </RequiredPackages>
    <Units Count="31">
      <Unit0>
        <Filename Value="TRSim.lpr"/>
        <IsPartOfProject Value="True"/>
      </Unit0>
      <Unit1>
        <Filename Value="Sim.pas"/>
        <IsPartOfProject Value="True"/>
        <ComponentName Value="fSim"/>
        <HasResources Value="True"/>
        <ResourceBaseClass Value="Form"/>
      </Unit1>
      <Unit2>
        <Filename Value="Globals.pas"/>
        <IsPartOfProject Value="True"/>
      </Unit2>
      <Unit3>
        <Filename Value="Attack.pas"/>
        <IsPartOfProject Value="True"/>
        <HasResources Value="True"/>
      </Unit3>
      <Unit4>
        <Filename Value="Cards.pas"/>
        <IsPartOfProject Value="True"/>
        <HasResources Value="True"/>
      </Unit4>
      <Unit5>
        <Filename Value="Computer.pas"/>
        <IsPartOfProject Value="True"/>
      </Unit5>
      <Unit6>
        <Filename Value="ExpSubr.pas"/>
        <IsPartOfProject Value="True"/>
      </Unit6>
      <Unit7>
        <Filename Value="History.pas"/>
        <IsPartOfProject Value="True"/>
        <HasResources Value="True"/>
      </Unit7>
      <Unit8>
        <Filename Value="Human.pas"/>
        <IsPartOfProject Value="True"/>
      </Unit8>
      <Unit9>
        <Filename Value="Log.pas"/>
        <IsPartOfProject Value="True"/>
        <HasResources Value="True"/>
      </Unit9>
      <Unit10>
        <Filename Value="SimMap.pas"/>
        <IsPartOfProject Value="True"/>
        <HasResources Value="True"/>
      </Unit10>
      <Unit11>
        <Filename Value="Move.pas"/>
        <IsPartOfProject Value="True"/>
        <HasResources Value="True"/>
      </Unit11>
      <Unit12>
        <Filename Value="NewGame.pas"/>
        <IsPartOfProject Value="True"/>
        <HasResources Value="True"/>
      </Unit12>
      <Unit13>
        <Filename Value="Players.pas"/>
        <IsPartOfProject Value="True"/>
        <HasResources Value="True"/>
      </Unit13>
      <Unit14>
        <Filename Value="Programs.pas"/>
        <IsPartOfProject Value="True"/>
        <HasResources Value="True"/>
      </Unit14>
      <Unit15>
        <Filename Value="Stats.pas"/>
        <IsPartOfProject Value="True"/>
        <HasResources Value="True"/>
      </Unit15>
      <Unit16>
        <Filename Value="Territ.pas"/>
        <IsPartOfProject Value="True"/>
      </Unit16>
      <Unit17>
        <Filename Value="TRPError.pas"/>
        <IsPartOfProject Value="True"/>
        <HasResources Value="True"/>
      </Unit17>
      <Unit18>
        <Filename Value="UDialog.pas"/>
        <IsPartOfProject Value="True"/>
        <HasResources Value="True"/>
      </Unit18>
      <Unit19>
        <Filename Value="SimRun.pas"/>
        <IsPartOfProject Value="True"/>
        <HasResources Value="True"/>
      </Unit19>
      <Unit20>
        <Filename Value="Main.pas"/>
        <IsPartOfProject Value="True"/>
        <HasResources Value="True"/>
      </Unit20>
      <Unit21>
        <Filename Value="SimCPULog.pas"/>
        <IsPartOfProject Value="True"/>
        <HasResources Value="True"/>
      </Unit21>
      <Unit22>
        <Filename Value="SimGameLog.pas"/>
        <IsPartOfProject Value="True"/>
        <ComponentName Value="fSimGameLog"/>
        <HasResources Value="True"/>
        <ResourceBaseClass Value="Form"/>
      </Unit22>
      <Unit23>
        <Filename Value="About.pas"/>
        <IsPartOfProject Value="True"/>
        <HasResources Value="True"/>
      </Unit23>
      <Unit24>
        <Filename Value="floodfilltest.pas"/>
        <IsPartOfProject Value="True"/>
      </Unit24>
      <Unit25>
        <Filename Value="Map.pas"/>
        <IsPartOfProject Value="True"/>
        <HasResources Value="True"/>
      </Unit25>
      <Unit26>
        <Filename Value="Pref.pas"/>
        <IsPartOfProject Value="True"/>
        <HasResources Value="True"/>
      </Unit26>
      <Unit27>
        <Filename Value="Readme.pas"/>
        <IsPartOfProject Value="True"/>
        <HasResources Value="True"/>
      </Unit27>
      <Unit28>
        <Filename Value="Rules.pas"/>
        <IsPartOfProject Value="True"/>
        <HasResources Value="True"/>
      </Unit28>
      <Unit29>
        <Filename Value="SplashScreen.pas"/>
        <IsPartOfProject Value="True"/>
        <HasResources Value="True"/>
      </Unit29>
      <Unit30>
        <Filename Value="PascalScript/Source/pascalscript.pas"/>
        <IsPartOfProject Value="True"/>
      </Unit30>
    </Units>
  </ProjectOptions>
  <CompilerOptions>
    <Version Value="11"/>
    <SearchPaths>
      <IncludeFiles Value="$(ProjOutDir)"/>
      <OtherUnitFiles Value="PascalScript/Source"/>
    </SearchPaths>
    <Parsing>
      <SyntaxOptions>
        <SyntaxMode Value="Delphi"/>
      </SyntaxOptions>
    </Parsing>
    <Linking>
      <Options>
        <Win32>
          <GraphicApplication Value="True"/>
        </Win32>
      </Options>
    </Linking>
    <Other>
      <CustomOptions Value="-dBorland -dVer150 -dDelphi7 -dCompiler6_Up -dPUREPASCAL"/>
    </Other>
  </CompilerOptions>
  <Debugging>
    <Exceptions Count="3">
      <Item1>
        <Name Value="EAbort"/>
      </Item1>
      <Item2>
        <Name Value="ECodetoolError"/>
      </Item2>
      <Item3>
        <Name Value="EFOpenError"/>
      </Item3>
    </Exceptions>
  </Debugging>
</CONFIG>
